{
  "originHash" : "20c368343a404bc354c9d6f1fa48033a8a47382558f9611599e4efe7f2dda4f1",
  "pins" : [
    {
      "identity" : "alamofire",
      "kind" : "remoteSourceControl",
      "location" : "https://github.com/Alamofire/Alamofire.git",
      "state" : {
        "revision" : "513364f870f6bfc468f9d2ff0a95caccc10044c5",
        "version" : "5.10.2"
      }
    },
    {
      "identity" : "ios-places-sdk",
      "kind" : "remoteSourceControl",
      "location" : "https://github.com/googlemaps/ios-places-sdk",
      "state" : {
        "revision" : "1737dc600c80eaeaf9b0cf0d25522b8ead713d60",
        "version" : "9.2.0"
      }
    },
    {
      "identity" : "swiftspinner",
      "kind" : "remoteSourceControl",
      "location" : "https://github.com/icanzilb/SwiftSpinner",
      "state" : {
        "revision" : "f6cfeb6f1780571bdef8bdaf924ccdb573d23e33",
        "version" : "2.2.0"
      }
    },
    {
      "identity" : "swiftyjson",
      "kind" : "remoteSourceControl",
      "location" : "https://github.com/SwiftyJSON/SwiftyJSON",
      "state" : {
        "revision" : "af76cf3ef710b6ca5f8c05f3a31307d44a3c5828",
        "version" : "5.0.2"
      }
    }
  ],
  "version" : 3
}
